// !$*UTF8*$!
{
	archiveVersion = 1;
	classes = {
	};
	objectVersion = 46;
	objects = {

/* Begin PBXBuildFile section */
		48FDCBAD1FD7DF2C006B26CA /* main.m in Sources */ = {isa = PBXBuildFile; fileRef = 48FDCBAC1FD7DF2C006B26CA /* main.m */; };
		48FDCBB01FD7DF2C006B26CA /* AppDelegate.m in Sources */ = {isa = PBXBuildFile; fileRef = 48FDCBAF1FD7DF2C006B26CA /* AppDelegate.m */; };
		48FDCBB31FD7DF2C006B26CA /* ViewController.m in Sources */ = {isa = PBXBuildFile; fileRef = 48FDCBB21FD7DF2C006B26CA /* ViewController.m */; };
		48FDCBB61FD7DF2C006B26CA /* Main.storyboard in Resources */ = {isa = PBXBuildFile; fileRef = 48FDCBB41FD7DF2C006B26CA /* Main.storyboard */; };
		48FDCBB81FD7DF2C006B26CA /* Assets.xcassets in Resources */ = {isa = PBXBuildFile; fileRef = 48FDCBB71FD7DF2C006B26CA /* Assets.xcassets */; };
		48FDCBBB1FD7DF2C006B26CA /* LaunchScreen.storyboard in Resources */ = {isa = PBXBuildFile; fileRef = 48FDCBB91FD7DF2C006B26CA /* LaunchScreen.storyboard */; };
		48FDCBC61FD7DF2D006B26CA /* myTests.m in Sources */ = {isa = PBXBuildFile; fileRef = 48FDCBC51FD7DF2D006B26CA /* myTests.m */; };
		48FDCBD11FD7DF2D006B26CA /* myUITests.m in Sources */ = {isa = PBXBuildFile; fileRef = 48FDCBD01FD7DF2D006B26CA /* myUITests.m */; };
/* End PBXBuildFile section */

/* Begin PBXContainerItemProxy section */
		48FDCBC21FD7DF2D006B26CA /* PBXContainerItemProxy */ = {
			isa = PBXContainerItemProxy;
			containerPortal = 48FDCBA01FD7DF2C006B26CA /* Project object */;
			proxyType = 1;
			remoteGlobalIDString = 48FDCBA71FD7DF2C006B26CA;
			remoteInfo = my;
		};
		48FDCBCD1FD7DF2D006B26CA /* PBXContainerItemProxy */ = {
			isa = PBXContainerItemProxy;
			containerPortal = 48FDCBA01FD7DF2C006B26CA /* Project object */;
			proxyType = 1;
			remoteGlobalIDString = 48FDCBA71FD7DF2C006B26CA;
			remoteInfo = my;
		};
/* End PBXContainerItemProxy section */

/* Begin PBXFileReference section */
		48FDCBA81FD7DF2C006B26CA /* my.app */ = {isa = PBXFileReference; explicitFileType = wrapper.application; includeInIndex = 0; path = my.app; sourceTree = BUILT_PRODUCTS_DIR; };
		48FDCBAC1FD7DF2C006B26CA /* main.m */ = {isa = PBXFileReference; lastKnownFileType = sourcecode.c.objc; path = main.m; sourceTree = "<group>"; };
		48FDCBAE1FD7DF2C006B26CA /* AppDelegate.h */ = {isa = PBXFileReference; lastKnownFileType = sourcecode.c.h; path = AppDelegate.h; sourceTree = "<group>"; };
		48FDCBAF1FD7DF2C006B26CA /* AppDelegate.m */ = {isa = PBXFileReference; lastKnownFileType = sourcecode.c.objc; path = AppDelegate.m; sourceTree = "<group>"; };
		48FDCBB11FD7DF2C006B26CA /* ViewController.h */ = {isa = PBXFileReference; lastKnownFileType = sourcecode.c.h; path = ViewController.h; sourceTree = "<group>"; };
		48FDCBB21FD7DF2C006B26CA /* ViewController.m */ = {isa = PBXFileReference; lastKnownFileType = sourcecode.c.objc; path = ViewController.m; sourceTree = "<group>"; };
		48FDCBB51FD7DF2C006B26CA /* Base */ = {isa = PBXFileReference; lastKnownFileType = file.storyboard; name = Base; path = Base.lproj/Main.storyboard; sourceTree = "<group>"; };
		48FDCBB71FD7DF2C006B26CA /* Assets.xcassets */ = {isa = PBXFileReference; lastKnownFileType = folder.assetcatalog; path = Assets.xcassets; sourceTree = "<group>"; };
		48FDCBBA1FD7DF2C006B26CA /* Base */ = {isa = PBXFileReference; lastKnownFileType = file.storyboard; name = Base; path = Base.lproj/LaunchScreen.storyboard; sourceTree = "<group>"; };
		48FDCBBC1FD7DF2C006B26CA /* Info.plist */ = {isa = PBXFileReference; lastKnownFileType = text.plist.xml; path = Info.plist; sourceTree = "<group>"; };
		48FDCBC11FD7DF2D006B26CA /* myTests.xctest */ = {isa = PBXFileReference; explicitFileType = wrapper.cfbundle; includeInIndex = 0; path = myTests.xctest; sourceTree = BUILT_PRODUCTS_DIR; };
		48FDCBC51FD7DF2D006B26CA /* myTests.m */ = {isa = PBXFileReference; lastKnownFileType = sourcecode.c.objc; path = myTests.m; sourceTree = "<group>"; };
		48FDCBC71FD7DF2D006B26CA /* Info.plist */ = {isa = PBXFileReference; lastKnownFileType = text.plist.xml; path = Info.plist; sourceTree = "<group>"; };
		48FDCBCC1FD7DF2D006B26CA /* myUITests.xctest */ = {isa = PBXFileReference; explicitFileType = wrapper.cfbundle; includeInIndex = 0; path = myUITests.xctest; sourceTree = BUILT_PRODUCTS_DIR; };
		48FDCBD01FD7DF2D006B26CA /* myUITests.m */ = {isa = PBXFileReference; lastKnownFileType = sourcecode.c.objc; path = myUITests.m; sourceTree = "<group>"; };
		48FDCBD21FD7DF2D006B26CA /* Info.plist */ = {isa = PBXFileReference; lastKnownFileType = text.plist.xml; path = Info.plist; sourceTree = "<group>"; };
/* End PBXFileReference section */

/* Begin PBXFrameworksBuildPhase section */
		48FDCBA51FD7DF2C006B26CA /* Frameworks */ = {
			isa = PBXFrameworksBuildPhase;
			buildActionMask = 2147483647;
			files = (
			);
			runOnlyForDeploymentPostprocessing = 0;
		};
		48FDCBBE1FD7DF2D006B26CA /* Frameworks */ = {
			isa = PBXFrameworksBuildPhase;
			buildActionMask = 2147483647;
			files = (
			);
			runOnlyForDeploymentPostprocessing = 0;
		};
		48FDCBC91FD7DF2D006B26CA /* Frameworks */ = {
			isa = PBXFrameworksBuildPhase;
			buildActionMask = 2147483647;
			files = (
			);
			runOnlyForDeploymentPostprocessing = 0;
		};
/* End PBXFrameworksBuildPhase section */

/* Begin PBXGroup section */
		48FDCB9F1FD7DF2C006B26CA = {
			isa = PBXGroup;
			children = (
				48FDCBAA1FD7DF2C006B26CA /* my */,
				48FDCBC41FD7DF2D006B26CA /* myTests */,
				48FDCBCF1FD7DF2D006B26CA /* myUITests */,
				48FDCBA91FD7DF2C006B26CA /* Products */,
			);
			sourceTree = "<group>";
		};
		48FDCBA91FD7DF2C006B26CA /* Products */ = {
			isa = PBXGroup;
			children = (
				48FDCBA81FD7DF2C006B26CA /* my.app */,
				48FDCBC11FD7DF2D006B26CA /* myTests.xctest */,
				48FDCBCC1FD7DF2D006B26CA /* myUITests.xctest */,
			);
			name = Products;
			sourceTree = "<group>";
		};
		48FDCBAA1FD7DF2C006B26CA /* my */ = {
			isa = PBXGroup;
			children = (
				48FDCBAE1FD7DF2C006B26CA /* AppDelegate.h */,
				48FDCBAF1FD7DF2C006B26CA /* AppDelegate.m */,
				48FDCBB11FD7DF2C006B26CA /* ViewController.h */,
				48FDCBB21FD7DF2C006B26CA /* ViewController.m */,
				48FDCBB41FD7DF2C006B26CA /* Main.storyboard */,
				48FDCBB71FD7DF2C006B26CA /* Assets.xcassets */,
				48FDCBB91FD7DF2C006B26CA /* LaunchScreen.storyboard */,
				48FDCBBC1FD7DF2C006B26CA /* Info.plist */,
				48FDCBAB1FD7DF2C006B26CA /* Supporting Files */,
			);
			path = my;
			sourceTree = "<group>";
		};
		48FDCBAB1FD7DF2C006B26CA /* Supporting Files */ = {
			isa = PBXGroup;
			children = (
				48FDCBAC1FD7DF2C006B26CA /* main.m */,
			);
			name = "Supporting Files";
			sourceTree = "<group>";
		};
		48FDCBC41FD7DF2D006B26CA /* myTests */ = {
			isa = PBXGroup;
			children = (
				48FDCBC51FD7DF2D006B26CA /* myTests.m */,
				48FDCBC71FD7DF2D006B26CA /* Info.plist */,
			);
			path = myTests;
			sourceTree = "<group>";
		};
		48FDCBCF1FD7DF2D006B26CA /* myUITests */ = {
			isa = PBXGroup;
			children = (
				48FDCBD01FD7DF2D006B26CA /* myUITests.m */,
				48FDCBD21FD7DF2D006B26CA /* Info.plist */,
			);
			path = myUITests;
			sourceTree = "<group>";
		};
/* End PBXGroup section */

/* Begin PBXNativeTarget section */
		48FDCBA71FD7DF2C006B26CA /* my */ = {
			isa = PBXNativeTarget;
			buildConfigurationList = 48FDCBD51FD7DF2D006B26CA /* Build configuration list for PBXNativeTarget "my" */;
			buildPhases = (
				48FDCBA41FD7DF2C006B26CA /* Sources */,
				48FDCBA51FD7DF2C006B26CA /* Frameworks */,
				48FDCBA61FD7DF2C006B26CA /* Resources */,
			);
			buildRules = (
			);
			dependencies = (
			);
			name = my;
			productName = my;
			productReference = 48FDCBA81FD7DF2C006B26CA /* my.app */;
			productType = "com.apple.product-type.application";
		};
		48FDCBC01FD7DF2D006B26CA /* myTests */ = {
			isa = PBXNativeTarget;
			buildConfigurationList = 48FDCBD81FD7DF2D006B26CA /* Build configuration list for PBXNativeTarget "myTests" */;
			buildPhases = (
				48FDCBBD1FD7DF2D006B26CA /* Sources */,
				48FDCBBE1FD7DF2D006B26CA /* Frameworks */,
				48FDCBBF1FD7DF2D006B26CA /* Resources */,
			);
			buildRules = (
			);
			dependencies = (
				48FDCBC31FD7DF2D006B26CA /* PBXTargetDependency */,
			);
			name = myTests;
			productName = myTests;
			productReference = 48FDCBC11FD7DF2D006B26CA /* myTests.xctest */;
			productType = "com.apple.product-type.bundle.unit-test";
		};
		48FDCBCB1FD7DF2D006B26CA /* myUITests */ = {
			isa = PBXNativeTarget;
			buildConfigurationList = 48FDCBDB1FD7DF2D006B26CA /* Build configuration list for PBXNativeTarget "myUITests" */;
			buildPhases = (
				48FDCBC81FD7DF2D006B26CA /* Sources */,
				48FDCBC91FD7DF2D006B26CA /* Frameworks */,
				48FDCBCA1FD7DF2D006B26CA /* Resources */,
			);
			buildRules = (
			);
			dependencies = (
				48FDCBCE1FD7DF2D006B26CA /* PBXTargetDependency */,
			);
			name = myUITests;
			productName = myUITests;
			productReference = 48FDCBCC1FD7DF2D006B26CA /* myUITests.xctest */;
			productType = "com.apple.product-type.bundle.ui-testing";
		};
/* End PBXNativeTarget section */

/* Begin PBXProject section */
		48FDCBA01FD7DF2C006B26CA /* Project object */ = {
			isa = PBXProject;
			attributes = {
				LastUpgradeCheck = 0810;
				ORGANIZATIONNAME = xgf;
				TargetAttributes = {
					48FDCBA71FD7DF2C006B26CA = {
						CreatedOnToolsVersion = 8.1;
						ProvisioningStyle = Automatic;
					};
					48FDCBC01FD7DF2D006B26CA = {
						CreatedOnToolsVersion = 8.1;
						ProvisioningStyle = Automatic;
						TestTargetID = 48FDCBA71FD7DF2C006B26CA;
					};
					48FDCBCB1FD7DF2D006B26CA = {
						CreatedOnToolsVersion = 8.1;
						ProvisioningStyle = Automatic;
						TestTargetID = 48FDCBA71FD7DF2C006B26CA;
					};
				};
			};
			buildConfigurationList = 48FDCBA31FD7DF2C006B26CA /* Build configuration list for PBXProject "my" */;
			compatibilityVersion = "Xcode 3.2";
			developmentRegion = English;
			hasScannedForEncodings = 0;
			knownRegions = (
				en,
				Base,
			);
			mainGroup = 48FDCB9F1FD7DF2C006B26CA;
			productRefGroup = 48FDCBA91FD7DF2C006B26CA /* Products */;
			projectDirPath = "";
			projectRoot = "";
			targets = (
				48FDCBA71FD7DF2C006B26CA /* my */,
				48FDCBC01FD7DF2D006B26CA /* myTests */,
				48FDCBCB1FD7DF2D006B26CA /* myUITests */,
			);
		};
/* End PBXProject section */

/* Begin PBXResourcesBuildPhase section */
		48FDCBA61FD7DF2C006B26CA /* Resources */ = {
			isa = PBXResourcesBuildPhase;
			buildActionMask = 2147483647;
			files = (
				48FDCBBB1FD7DF2C006B26CA /* LaunchScreen.storyboard in Resources */,
				48FDCBB81FD7DF2C006B26CA /* Assets.xcassets in Resources */,
				48FDCBB61FD7DF2C006B26CA /* Main.storyboard in Resources */,
			);
			runOnlyForDeploymentPostprocessing = 0;
		};
		48FDCBBF1FD7DF2D006B26CA /* Resources */ = {
			isa = PBXResourcesBuildPhase;
			buildActionMask = 2147483647;
			files = (
			);
			runOnlyForDeploymentPostprocessing = 0;
		};
		48FDCBCA1FD7DF2D006B26CA /* Resources */ = {
			isa = PBXResourcesBuildPhase;
			buildActionMask = 2147483647;
			files = (
			);
			runOnlyForDeploymentPostprocessing = 0;
		};
/* End PBXResourcesBuildPhase section */

/* Begin PBXSourcesBuildPhase section */
		48FDCBA41FD7DF2C006B26CA /* Sources */ = {
			isa = PBXSourcesBuildPhase;
			buildActionMask = 2147483647;
			files = (
				48FDCBB31FD7DF2C006B26CA /* ViewController.m in Sources */,
				48FDCBB01FD7DF2C006B26CA /* AppDelegate.m in Sources */,
				48FDCBAD1FD7DF2C006B26CA /* main.m in Sources */,
			);
			runOnlyForDeploymentPostprocessing = 0;
		};
		48FDCBBD1FD7DF2D006B26CA /* Sources */ = {
			isa = PBXSourcesBuildPhase;
			buildActionMask = 2147483647;
			files = (
				48FDCBC61FD7DF2D006B26CA /* myTests.m in Sources */,
			);
			runOnlyForDeploymentPostprocessing = 0;
		};
		48FDCBC81FD7DF2D006B26CA /* Sources */ = {
			isa = PBXSourcesBuildPhase;
			buildActionMask = 2147483647;
			files = (
				48FDCBD11FD7DF2D006B26CA /* myUITests.m in Sources */,
			);
			runOnlyForDeploymentPostprocessing = 0;
		};
/* End PBXSourcesBuildPhase section */

/* Begin PBXTargetDependency section */
		48FDCBC31FD7DF2D006B26CA /* PBXTargetDependency */ = {
			isa = PBXTargetDependency;
			target = 48FDCBA71FD7DF2C006B26CA /* my */;
			targetProxy = 48FDCBC21FD7DF2D006B26CA /* PBXContainerItemProxy */;
		};
		48FDCBCE1FD7DF2D006B26CA /* PBXTargetDependency */ = {
			isa = PBXTargetDependency;
			target = 48FDCBA71FD7DF2C006B26CA /* my */;
			targetProxy = 48FDCBCD1FD7DF2D006B26CA /* PBXContainerItemProxy */;
		};
/* End PBXTargetDependency section */

/* Begin PBXVariantGroup section */
		48FDCBB41FD7DF2C006B26CA /* Main.storyboard */ = {
			isa = PBXVariantGroup;
			children = (
				48FDCBB51FD7DF2C006B26CA /* Base */,
			);
			name = Main.storyboard;
			sourceTree = "<group>";
		};
		48FDCBB91FD7DF2C006B26CA /* LaunchScreen.storyboard */ = {
			isa = PBXVariantGroup;
			children = (
				48FDCBBA1FD7DF2C006B26CA /* Base */,
			);
			name = LaunchScreen.storyboard;
			sourceTree = "<group>";
		};
/* End PBXVariantGroup section */

/* Begin XCBuildConfiguration section */
		48FDCBD31FD7DF2D006B26CA /* Debug */ = {
			isa = XCBuildConfiguration;
			buildSettings = {
				ALWAYS_SEARCH_USER_PATHS = NO;
				CLANG_ANALYZER_NONNULL = YES;
				CLANG_CXX_LANGUAGE_STANDARD = "gnu++0x";
				CLANG_CXX_LIBRARY = "libc++";
				CLANG_ENABLE_MODULES = YES;
				CLANG_ENABLE_OBJC_ARC = YES;
				CLANG_WARN_BOOL_CONVERSION = YES;
				CLANG_WARN_CONSTANT_CONVERSION = YES;
				CLANG_WARN_DIRECT_OBJC_ISA_USAGE = YES_ERROR;
				CLANG_WARN_DOCUMENTATION_COMMENTS = YES;
				CLANG_WARN_EMPTY_BODY = YES;
				CLANG_WARN_ENUM_CONVERSION = YES;
				CLANG_WARN_INFINITE_RECURSION = YES;
				CLANG_WARN_INT_CONVERSION = YES;
				CLANG_WARN_OBJC_ROOT_CLASS = YES_ERROR;
				CLANG_WARN_SUSPICIOUS_MOVES = YES;
				CLANG_WARN_UNREACHABLE_CODE = YES;
				CLANG_WARN__DUPLICATE_METHOD_MATCH = YES;
				"CODE_SIGN_IDENTITY[sdk=iphoneos*]" = "iPhone Developer";
				COPY_PHASE_STRIP = NO;
				DEBUG_INFORMATION_FORMAT = dwarf;
				ENABLE_STRICT_OBJC_MSGSEND = YES;
				ENABLE_TESTABILITY = YES;
				GCC_C_LANGUAGE_STANDARD = gnu99;
				GCC_DYNAMIC_NO_PIC = NO;
				GCC_NO_COMMON_BLOCKS = YES;
				GCC_OPTIMIZATION_LEVEL = 0;
				GCC_PREPROCESSOR_DEFINITIONS = (
					"DEBUG=1",
					"$(inherited)",
				);
				GCC_WARN_64_TO_32_BIT_CONVERSION = YES;
				GCC_WARN_ABOUT_RETURN_TYPE = YES_ERROR;
				GCC_WARN_UNDECLARED_SELECTOR = YES;
				GCC_WARN_UNINITIALIZED_AUTOS = YES_AGGRESSIVE;
				GCC_WARN_UNUSED_FUNCTION = YES;
				GCC_WARN_UNUSED_VARIABLE = YES;
				IPHONEOS_DEPLOYMENT_TARGET = 10.1;
				MTL_ENABLE_DEBUG_INFO = YES;
				ONLY_ACTIVE_ARCH = YES;
				SDKROOT = iphoneos;
			};
			name = Debug;
		};
		48FDCBD41FD7DF2D006B26CA /* Release */ = {
			isa = XCBuildConfiguration;
			buildSettings = {
				ALWAYS_SEARCH_USER_PATHS = NO;
				CLANG_ANALYZER_NONNULL = YES;
				CLANG_CXX_LANGUAGE_STANDARD = "gnu++0x";
				CLANG_CXX_LIBRARY = "libc++";
				CLANG_ENABLE_MODULES = YES;
				CLANG_ENABLE_OBJC_ARC = YES;
				CLANG_WARN_BOOL_CONVERSION = YES;
				CLANG_WARN_CONSTANT_CONVERSION = YES;
				CLANG_WARN_DIRECT_OBJC_ISA_USAGE = YES_ERROR;
				CLANG_WARN_DOCUMENTATION_COMMENTS = YES;
				CLANG_WARN_EMPTY_BODY = YES;
				CLANG_WARN_ENUM_CONVERSION = YES;
				CLANG_WARN_INFINITE_RECURSION = YES;
				CLANG_WARN_INT_CONVERSION = YES;
				CLANG_WARN_OBJC_ROOT_CLASS = YES_ERROR;
				CLANG_WARN_SUSPICIOUS_MOVES = YES;
				CLANG_WARN_UNREACHABLE_CODE = YES;
				CLANG_WARN__DUPLICATE_METHOD_MATCH = YES;
				"CODE_SIGN_IDENTITY[sdk=iphoneos*]" = "iPhone Developer";
				COPY_PHASE_STRIP = NO;
				DEBUG_INFORMATION_FORMAT = "dwarf-with-dsym";
				ENABLE_NS_ASSERTIONS = NO;
				ENABLE_STRICT_OBJC_MSGSEND = YES;
				GCC_C_LANGUAGE_STANDARD = gnu99;
				GCC_NO_COMMON_BLOCKS = YES;
				GCC_WARN_64_TO_32_BIT_CONVERSION = YES;
				GCC_WARN_ABOUT_RETURN_TYPE = YES_ERROR;
				GCC_WARN_UNDECLARED_SELECTOR = YES;
				GCC_WARN_UNINITIALIZED_AUTOS = YES_AGGRESSIVE;
				GCC_WARN_UNUSED_FUNCTION = YES;
				GCC_WARN_UNUSED_VARIABLE = YES;
				IPHONEOS_DEPLOYMENT_TARGET = 10.1;
				MTL_ENABLE_DEBUG_INFO = NO;
				SDKROOT = iphoneos;
				VALIDATE_PRODUCT = YES;
			};
			name = Release;
		};
		48FDCBD61FD7DF2D006B26CA /* Debug */ = {
			isa = XCBuildConfiguration;
			buildSettings = {
				ASSETCATALOG_COMPILER_APPICON_NAME = AppIcon;
				INFOPLIST_FILE = my/Info.plist;
				LD_RUNPATH_SEARCH_PATHS = "$(inherited) @executable_path/Frameworks";
				PRODUCT_BUNDLE_IDENTIFIER = com.xgf.my;
				PRODUCT_NAME = "$(TARGET_NAME)";
			};
			name = Debug;
		};
		48FDCBD71FD7DF2D006B26CA /* Release */ = {
			isa = XCBuildConfiguration;
			buildSettings = {
				ASSETCATALOG_COMPILER_APPICON_NAME = AppIcon;
				INFOPLIST_FILE = my/Info.plist;
				LD_RUNPATH_SEARCH_PATHS = "$(inherited) @executable_path/Frameworks";
				PRODUCT_BUNDLE_IDENTIFIER = com.xgf.my;
				PRODUCT_NAME = "$(TARGET_NAME)";
			};
			name = Release;
		};
		48FDCBD91FD7DF2D006B26CA /* Debug */ = {
			isa = XCBuildConfiguration;
			buildSettings = {
				BUNDLE_LOADER = "$(TEST_HOST)";
				INFOPLIST_FILE = myTests/Info.plist;
				LD_RUNPATH_SEARCH_PATHS = "$(inherited) @executable_path/Frameworks @loader_path/Frameworks";
				PRODUCT_BUNDLE_IDENTIFIER = com.xgf.myTests;
				PRODUCT_NAME = "$(TARGET_NAME)";
				TEST_HOST = "$(BUILT_PRODUCTS_DIR)/my.app/my";
			};
			name = Debug;
		};
		48FDCBDA1FD7DF2D006B26CA /* Release */ = {
			isa = XCBuildConfiguration;
			buildSettings = {
				BUNDLE_LOADER = "$(TEST_HOST)";
				INFOPLIST_FILE = myTests/Info.plist;
				LD_RUNPATH_SEARCH_PATHS = "$(inherited) @executable_path/Frameworks @loader_path/Frameworks";
				PRODUCT_BUNDLE_IDENTIFIER = com.xgf.myTests;
				PRODUCT_NAME = "$(TARGET_NAME)";
				TEST_HOST = "$(BUILT_PRODUCTS_DIR)/my.app/my";
			};
			name = Release;
		};
		48FDCBDC1FD7DF2D006B26CA /* Debug */ = {
			isa = XCBuildConfiguration;
			buildSettings = {
				INFOPLIST_FILE = myUITests/Info.plist;
				LD_RUNPATH_SEARCH_PATHS = "$(inherited) @executable_path/Frameworks @loader_path/Frameworks";
				PRODUCT_BUNDLE_IDENTIFIER = com.xgf.myUITests;
				PRODUCT_NAME = "$(TARGET_NAME)";
				TEST_TARGET_NAME = my;
			};
			name = Debug;
		};
		48FDCBDD1FD7DF2D006B26CA /* Release */ = {
			isa = XCBuildConfiguration;
			buildSettings = {
				INFOPLIST_FILE = myUITests/Info.plist;
				LD_RUNPATH_SEARCH_PATHS = "$(inherited) @executable_path/Frameworks @loader_path/Frameworks";
				PRODUCT_BUNDLE_IDENTIFIER = com.xgf.myUITests;
				PRODUCT_NAME = "$(TARGET_NAME)";
				TEST_TARGET_NAME = my;
			};
			name = Release;
		};
/* End XCBuildConfiguration section */

/* Begin XCConfigurationList section */
		48FDCBA31FD7DF2C006B26CA /* Build configuration list for PBXProject "my" */ = {
			isa = XCConfigurationList;
			buildConfigurations = (
				48FDCBD31FD7DF2D006B26CA /* Debug */,
				48FDCBD41FD7DF2D006B26CA /* Release */,
			);
			defaultConfigurationIsVisible = 0;
			defaultConfigurationName = Release;
		};
		48FDCBD51FD7DF2D006B26CA /* Build configuration list for PBXNativeTarget "my" */ = {
			isa = XCConfigurationList;
			buildConfigurations = (
				48FDCBD61FD7DF2D006B26CA /* Debug */,
				48FDCBD71FD7DF2D006B26CA /* Release */,
			);
			defaultConfigurationIsVisible = 0;
		};
		48FDCBD81FD7DF2D006B26CA /* Build configuration list for PBXNativeTarget "myTests" */ = {
			isa = XCConfigurationList;
			buildConfigurations = (
				48FDCBD91FD7DF2D006B26CA /* Debug */,
				48FDCBDA1FD7DF2D006B26CA /* Release */,
			);
			defaultConfigurationIsVisible = 0;
		};
		48FDCBDB1FD7DF2D006B26CA /* Build configuration list for PBXNativeTarget "myUITests" */ = {
			isa = XCConfigurationList;
			buildConfigurations = (
				48FDCBDC1FD7DF2D006B26CA /* Debug */,
				48FDCBDD1FD7DF2D006B26CA /* Release */,
			);
			defaultConfigurationIsVisible = 0;
		};
/* End XCConfigurationList section */
	};
	rootObject = 48FDCBA01FD7DF2C006B26CA /* Project object */;
}
